
Microsoft Visual Studio Solution File, Format Version 12.00
Project("{2150E333-8FDC-42A3-9474-1A3956D46DE8}") = "src", "src", "{BDE2A1B0-6893-4283-8732-81CD8E828DC9}"
EndProject
Project("{FAE04EC0-301F-11D3-BF4B-00C04F79EFBC}") = "UMS.API", "UMS.API\UMS.API.csproj", "{FC21CE86-925C-45A0-A4B0-E89D21C28A6C}"
EndProject
Project("{FAE04EC0-301F-11D3-BF4B-00C04F79EFBC}") = "UMS.Application", "UMS.Application\UMS.Application.csproj", "{93489B0D-0DCF-4997-87E9-721490998556}"
EndProject
Project("{FAE04EC0-301F-11D3-BF4B-00C04F79EFBC}") = "UMS.Infrastructure", "UMS.Infrastructure\UMS.Infrastructure.csproj", "{1EF0010E-DAD1-43F3-9EFD-48941B4E41DD}"
EndProject
Project("{FAE04EC0-301F-11D3-BF4B-00C04F79EFBC}") = "UMS.Persistence", "UMS.Persistence\UMS.Persistence.csproj", "{8552DFFB-80C8-419A-98D2-FA48953C5240}"
EndProject
Project("{FAE04EC0-301F-11D3-BF4B-00C04F79EFBC}") = "UMS.Domain", "UMS.Domain\UMS.Domain.csproj", "{E2C89C28-7794-4D4B-8F72-B5A90D0ABADE}"
EndProject
Global
	GlobalSection(SolutionConfigurationPlatforms) = preSolution
		Debug|Any CPU = Debug|Any CPU
		Release|Any CPU = Release|Any CPU
	EndGlobalSection
	GlobalSection(ProjectConfigurationPlatforms) = postSolution
		{FC21CE86-925C-45A0-A4B0-E89D21C28A6C}.Debug|Any CPU.ActiveCfg = Debug|Any CPU
		{FC21CE86-925C-45A0-A4B0-E89D21C28A6C}.Debug|Any CPU.Build.0 = Debug|Any CPU
		{FC21CE86-925C-45A0-A4B0-E89D21C28A6C}.Release|Any CPU.ActiveCfg = Release|Any CPU
		{FC21CE86-925C-45A0-A4B0-E89D21C28A6C}.Release|Any CPU.Build.0 = Release|Any CPU
		{93489B0D-0DCF-4997-87E9-721490998556}.Debug|Any CPU.ActiveCfg = Debug|Any CPU
		{93489B0D-0DCF-4997-87E9-721490998556}.Debug|Any CPU.Build.0 = Debug|Any CPU
		{93489B0D-0DCF-4997-87E9-721490998556}.Release|Any CPU.ActiveCfg = Release|Any CPU
		{93489B0D-0DCF-4997-87E9-721490998556}.Release|Any CPU.Build.0 = Release|Any CPU
		{1EF0010E-DAD1-43F3-9EFD-48941B4E41DD}.Debug|Any CPU.ActiveCfg = Debug|Any CPU
		{1EF0010E-DAD1-43F3-9EFD-48941B4E41DD}.Debug|Any CPU.Build.0 = Debug|Any CPU
		{1EF0010E-DAD1-43F3-9EFD-48941B4E41DD}.Release|Any CPU.ActiveCfg = Release|Any CPU
		{1EF0010E-DAD1-43F3-9EFD-48941B4E41DD}.Release|Any CPU.Build.0 = Release|Any CPU
		{8552DFFB-80C8-419A-98D2-FA48953C5240}.Debug|Any CPU.ActiveCfg = Debug|Any CPU
		{8552DFFB-80C8-419A-98D2-FA48953C5240}.Debug|Any CPU.Build.0 = Debug|Any CPU
		{8552DFFB-80C8-419A-98D2-FA48953C5240}.Release|Any CPU.ActiveCfg = Release|Any CPU
		{8552DFFB-80C8-419A-98D2-FA48953C5240}.Release|Any CPU.Build.0 = Release|Any CPU
		{E2C89C28-7794-4D4B-8F72-B5A90D0ABADE}.Debug|Any CPU.ActiveCfg = Debug|Any CPU
		{E2C89C28-7794-4D4B-8F72-B5A90D0ABADE}.Debug|Any CPU.Build.0 = Debug|Any CPU
		{E2C89C28-7794-4D4B-8F72-B5A90D0ABADE}.Release|Any CPU.ActiveCfg = Release|Any CPU
		{E2C89C28-7794-4D4B-8F72-B5A90D0ABADE}.Release|Any CPU.Build.0 = Release|Any CPU
	EndGlobalSection
	GlobalSection(NestedProjects) = preSolution
		{FC21CE86-925C-45A0-A4B0-E89D21C28A6C} = {BDE2A1B0-6893-4283-8732-81CD8E828DC9}
		{93489B0D-0DCF-4997-87E9-721490998556} = {BDE2A1B0-6893-4283-8732-81CD8E828DC9}
		{1EF0010E-DAD1-43F3-9EFD-48941B4E41DD} = {BDE2A1B0-6893-4283-8732-81CD8E828DC9}
		{8552DFFB-80C8-419A-98D2-FA48953C5240} = {BDE2A1B0-6893-4283-8732-81CD8E828DC9}
		{E2C89C28-7794-4D4B-8F72-B5A90D0ABADE} = {BDE2A1B0-6893-4283-8732-81CD8E828DC9}
	EndGlobalSection
EndGlobal
